// !$*UTF8*$!
{
	archiveVersion = 1;
	classes = {
	};
	objectVersion = 55;
	objects = {

/* Begin PBXBuildFile section */
		2532C6B2281E2D3B00838698 /* HeatingSetup.swift in Sources */ = {isa = PBXBuildFile; fileRef = 2532C6B1281E2D3B00838698 /* HeatingSetup.swift */; };
		2532C6B3281E2D3B00838698 /* HeatingSetup.swift in Sources */ = {isa = PBXBuildFile; fileRef = 2532C6B1281E2D3B00838698 /* HeatingSetup.swift */; };
		25515C3F281C813200EAD0D1 /* BarView.swift in Sources */ = {isa = PBXBuildFile; fileRef = 25515C3E281C813200EAD0D1 /* BarView.swift */; };
		25515C40281C813200EAD0D1 /* BarView.swift in Sources */ = {isa = PBXBuildFile; fileRef = 25515C3E281C813200EAD0D1 /* BarView.swift */; };
		25515C43281C817E00EAD0D1 /* BarChartView.swift in Sources */ = {isa = PBXBuildFile; fileRef = 25515C42281C817E00EAD0D1 /* BarChartView.swift */; };
		25515C44281C817E00EAD0D1 /* BarChartView.swift in Sources */ = {isa = PBXBuildFile; fileRef = 25515C42281C817E00EAD0D1 /* BarChartView.swift */; };
		257F93ED281B7D2100EA90DF /* CoolingSetup.swift in Sources */ = {isa = PBXBuildFile; fileRef = 257F93EC281B7D2100EA90DF /* CoolingSetup.swift */; };
		257F93EE281B7D2100EA90DF /* CoolingSetup.swift in Sources */ = {isa = PBXBuildFile; fileRef = 257F93EC281B7D2100EA90DF /* CoolingSetup.swift */; };
		25BD094B281B29F600F4ABF6 /* credentials.plist in Resources */ = {isa = PBXBuildFile; fileRef = 25BD094A281B29F600F4ABF6 /* credentials.plist */; };
		25BD094D281B2B6F00F4ABF6 /* UserData.swift in Sources */ = {isa = PBXBuildFile; fileRef = 25BD094C281B2B6E00F4ABF6 /* UserData.swift */; };
		25BD0950281B3BB800F4ABF6 /* Home.swift in Sources */ = {isa = PBXBuildFile; fileRef = 25BD094F281B3BB800F4ABF6 /* Home.swift */; };
		25BD0951281B3BB800F4ABF6 /* Home.swift in Sources */ = {isa = PBXBuildFile; fileRef = 25BD094F281B3BB800F4ABF6 /* Home.swift */; };
		25BD0953281B410500F4ABF6 /* Setup.swift in Sources */ = {isa = PBXBuildFile; fileRef = 25BD0952281B410400F4ABF6 /* Setup.swift */; };
		25BD0954281B410500F4ABF6 /* Setup.swift in Sources */ = {isa = PBXBuildFile; fileRef = 25BD0952281B410400F4ABF6 /* Setup.swift */; };
		25BD0956281B44EB00F4ABF6 /* Styles.swift in Sources */ = {isa = PBXBuildFile; fileRef = 25BD0955281B44EB00F4ABF6 /* Styles.swift */; };
		25BD0957281B44EB00F4ABF6 /* Styles.swift in Sources */ = {isa = PBXBuildFile; fileRef = 25BD0955281B44EB00F4ABF6 /* Styles.swift */; };
		25BE9D4527EE68AC004F6453 /* Tests_iOS.swift in Sources */ = {isa = PBXBuildFile; fileRef = 25BE9D4427EE68AC004F6453 /* Tests_iOS.swift */; };
		25BE9D4727EE68AC004F6453 /* Tests_iOSLaunchTests.swift in Sources */ = {isa = PBXBuildFile; fileRef = 25BE9D4627EE68AC004F6453 /* Tests_iOSLaunchTests.swift */; };
		25BE9D5127EE68AC004F6453 /* Tests_macOS.swift in Sources */ = {isa = PBXBuildFile; fileRef = 25BE9D5027EE68AC004F6453 /* Tests_macOS.swift */; };
		25BE9D5327EE68AC004F6453 /* Tests_macOSLaunchTests.swift in Sources */ = {isa = PBXBuildFile; fileRef = 25BE9D5227EE68AC004F6453 /* Tests_macOSLaunchTests.swift */; };
		25BE9D5427EE68AC004F6453 /* Nest_Thermostat_Carbon_Footprint_CalculatorApp.swift in Sources */ = {isa = PBXBuildFile; fileRef = 25BE9D2C27EE68A9004F6453 /* Nest_Thermostat_Carbon_Footprint_CalculatorApp.swift */; };
		25BE9D5527EE68AC004F6453 /* Nest_Thermostat_Carbon_Footprint_CalculatorApp.swift in Sources */ = {isa = PBXBuildFile; fileRef = 25BE9D2C27EE68A9004F6453 /* Nest_Thermostat_Carbon_Footprint_CalculatorApp.swift */; };
		25BE9D5627EE68AC004F6453 /* ContentView.swift in Sources */ = {isa = PBXBuildFile; fileRef = 25BE9D2D27EE68A9004F6453 /* ContentView.swift */; };
		25BE9D5727EE68AC004F6453 /* ContentView.swift in Sources */ = {isa = PBXBuildFile; fileRef = 25BE9D2D27EE68A9004F6453 /* ContentView.swift */; };
		25BE9D5827EE68AC004F6453 /* Assets.xcassets in Resources */ = {isa = PBXBuildFile; fileRef = 25BE9D2E27EE68AC004F6453 /* Assets.xcassets */; };
		25BE9D5927EE68AC004F6453 /* Assets.xcassets in Resources */ = {isa = PBXBuildFile; fileRef = 25BE9D2E27EE68AC004F6453 /* Assets.xcassets */; };
		25CB6C0D281B274F00E5902D /* LogInView.swift in Sources */ = {isa = PBXBuildFile; fileRef = 25CB6C0B281B274F00E5902D /* LogInView.swift */; };
		25CB6C0E281B274F00E5902D /* LogInView.swift in Sources */ = {isa = PBXBuildFile; fileRef = 25CB6C0B281B274F00E5902D /* LogInView.swift */; };
		25CB6C0F281B274F00E5902D /* NetworkController.swift in Sources */ = {isa = PBXBuildFile; fileRef = 25CB6C0C281B274F00E5902D /* NetworkController.swift */; };
		25CB6C10281B274F00E5902D /* NetworkController.swift in Sources */ = {isa = PBXBuildFile; fileRef = 25CB6C0C281B274F00E5902D /* NetworkController.swift */; };
		53045246357FAD425428F2D8 /* Pods_Nest_Thermostat_Carbon_Footprint_Calculator__macOS_.framework in Frameworks */ = {isa = PBXBuildFile; fileRef = 37A2144DCC48ABC21EE1F953 /* Pods_Nest_Thermostat_Carbon_Footprint_Calculator__macOS_.framework */; };
		F19095A9923DF23CE383B59F /* Pods_Nest_Thermostat_Carbon_Footprint_Calculator__iOS_.framework in Frameworks */ = {isa = PBXBuildFile; fileRef = ED161F24448C2EC5B8D250FF /* Pods_Nest_Thermostat_Carbon_Footprint_Calculator__iOS_.framework */; };
/* End PBXBuildFile section */

/* Begin PBXContainerItemProxy section */
		25BE9D4127EE68AC004F6453 /* PBXContainerItemProxy */ = {
			isa = PBXContainerItemProxy;
			containerPortal = 25BE9D2727EE68A9004F6453 /* Project object */;
			proxyType = 1;
			remoteGlobalIDString = 25BE9D3227EE68AC004F6453;
			remoteInfo = "Nest Thermostat Carbon Footprint Calculator (iOS)";
		};
		25BE9D4D27EE68AC004F6453 /* PBXContainerItemProxy */ = {
			isa = PBXContainerItemProxy;
			containerPortal = 25BE9D2727EE68A9004F6453 /* Project object */;
			proxyType = 1;
			remoteGlobalIDString = 25BE9D3827EE68AC004F6453;
			remoteInfo = "Nest Thermostat Carbon Footprint Calculator (macOS)";
		};
/* End PBXContainerItemProxy section */

/* Begin PBXFileReference section */
		2532C6B1281E2D3B00838698 /* HeatingSetup.swift */ = {isa = PBXFileReference; fileEncoding = 4; lastKnownFileType = sourcecode.swift; path = HeatingSetup.swift; sourceTree = "<group>"; };
		25515C3E281C813200EAD0D1 /* BarView.swift */ = {isa = PBXFileReference; lastKnownFileType = sourcecode.swift; path = BarView.swift; sourceTree = "<group>"; };
		25515C42281C817E00EAD0D1 /* BarChartView.swift */ = {isa = PBXFileReference; lastKnownFileType = sourcecode.swift; path = BarChartView.swift; sourceTree = "<group>"; };
		257F93EC281B7D2100EA90DF /* CoolingSetup.swift */ = {isa = PBXFileReference; lastKnownFileType = sourcecode.swift; path = CoolingSetup.swift; sourceTree = "<group>"; };
		25BD094A281B29F600F4ABF6 /* credentials.plist */ = {isa = PBXFileReference; fileEncoding = 4; lastKnownFileType = text.plist.xml; path = credentials.plist; sourceTree = "<group>"; };
		25BD094C281B2B6E00F4ABF6 /* UserData.swift */ = {isa = PBXFileReference; fileEncoding = 4; lastKnownFileType = sourcecode.swift; path = UserData.swift; sourceTree = "<group>"; };
		25BD094E281B2D3100F4ABF6 /* Nest-Thermostat-Carbon-Footprint-Calculator--iOS--Info.plist */ = {isa = PBXFileReference; lastKnownFileType = text.plist; path = "Nest-Thermostat-Carbon-Footprint-Calculator--iOS--Info.plist"; sourceTree = "<group>"; };
		25BD094F281B3BB800F4ABF6 /* Home.swift */ = {isa = PBXFileReference; lastKnownFileType = sourcecode.swift; path = Home.swift; sourceTree = "<group>"; };
		25BD0952281B410400F4ABF6 /* Setup.swift */ = {isa = PBXFileReference; lastKnownFileType = sourcecode.swift; path = Setup.swift; sourceTree = "<group>"; };
		25BD0955281B44EB00F4ABF6 /* Styles.swift */ = {isa = PBXFileReference; fileEncoding = 4; lastKnownFileType = sourcecode.swift; path = Styles.swift; sourceTree = "<group>"; };
		25BE9D2C27EE68A9004F6453 /* Nest_Thermostat_Carbon_Footprint_CalculatorApp.swift */ = {isa = PBXFileReference; lastKnownFileType = sourcecode.swift; path = Nest_Thermostat_Carbon_Footprint_CalculatorApp.swift; sourceTree = "<group>"; };
		25BE9D2D27EE68A9004F6453 /* ContentView.swift */ = {isa = PBXFileReference; lastKnownFileType = sourcecode.swift; path = ContentView.swift; sourceTree = "<group>"; };
		25BE9D2E27EE68AC004F6453 /* Assets.xcassets */ = {isa = PBXFileReference; lastKnownFileType = folder.assetcatalog; path = Assets.xcassets; sourceTree = "<group>"; };
		25BE9D3327EE68AC004F6453 /* Nest Thermostat Carbon Footprint Calculator.app */ = {isa = PBXFileReference; explicitFileType = wrapper.application; includeInIndex = 0; path = "Nest Thermostat Carbon Footprint Calculator.app"; sourceTree = BUILT_PRODUCTS_DIR; };
		25BE9D3927EE68AC004F6453 /* Nest Thermostat Carbon Footprint Calculator.app */ = {isa = PBXFileReference; explicitFileType = wrapper.application; includeInIndex = 0; path = "Nest Thermostat Carbon Footprint Calculator.app"; sourceTree = BUILT_PRODUCTS_DIR; };
		25BE9D3B27EE68AC004F6453 /* macOS.entitlements */ = {isa = PBXFileReference; lastKnownFileType = text.plist.entitlements; path = macOS.entitlements; sourceTree = "<group>"; };
		25BE9D4027EE68AC004F6453 /* Tests iOS.xctest */ = {isa = PBXFileReference; explicitFileType = wrapper.cfbundle; includeInIndex = 0; path = "Tests iOS.xctest"; sourceTree = BUILT_PRODUCTS_DIR; };
		25BE9D4427EE68AC004F6453 /* Tests_iOS.swift */ = {isa = PBXFileReference; lastKnownFileType = sourcecode.swift; path = Tests_iOS.swift; sourceTree = "<group>"; };
		25BE9D4627EE68AC004F6453 /* Tests_iOSLaunchTests.swift */ = {isa = PBXFileReference; lastKnownFileType = sourcecode.swift; path = Tests_iOSLaunchTests.swift; sourceTree = "<group>"; };
		25BE9D4C27EE68AC004F6453 /* Tests macOS.xctest */ = {isa = PBXFileReference; explicitFileType = wrapper.cfbundle; includeInIndex = 0; path = "Tests macOS.xctest"; sourceTree = BUILT_PRODUCTS_DIR; };
		25BE9D5027EE68AC004F6453 /* Tests_macOS.swift */ = {isa = PBXFileReference; lastKnownFileType = sourcecode.swift; path = Tests_macOS.swift; sourceTree = "<group>"; };
		25BE9D5227EE68AC004F6453 /* Tests_macOSLaunchTests.swift */ = {isa = PBXFileReference; lastKnownFileType = sourcecode.swift; path = Tests_macOSLaunchTests.swift; sourceTree = "<group>"; };
		25CB6C0B281B274F00E5902D /* LogInView.swift */ = {isa = PBXFileReference; fileEncoding = 4; lastKnownFileType = sourcecode.swift; path = LogInView.swift; sourceTree = "<group>"; };
		25CB6C0C281B274F00E5902D /* NetworkController.swift */ = {isa = PBXFileReference; fileEncoding = 4; lastKnownFileType = sourcecode.swift; path = NetworkController.swift; sourceTree = "<group>"; };
		37A2144DCC48ABC21EE1F953 /* Pods_Nest_Thermostat_Carbon_Footprint_Calculator__macOS_.framework */ = {isa = PBXFileReference; explicitFileType = wrapper.framework; includeInIndex = 0; path = Pods_Nest_Thermostat_Carbon_Footprint_Calculator__macOS_.framework; sourceTree = BUILT_PRODUCTS_DIR; };
		854B5FDDCFF11252258F780A /* Pods-Nest Thermostat Carbon Footprint Calculator (iOS).debug.xcconfig */ = {isa = PBXFileReference; includeInIndex = 1; lastKnownFileType = text.xcconfig; name = "Pods-Nest Thermostat Carbon Footprint Calculator (iOS).debug.xcconfig"; path = "Target Support Files/Pods-Nest Thermostat Carbon Footprint Calculator (iOS)/Pods-Nest Thermostat Carbon Footprint Calculator (iOS).debug.xcconfig"; sourceTree = "<group>"; };
		9D076594FD4030CD48730354 /* Pods-Nest Thermostat Carbon Footprint Calculator (macOS).release.xcconfig */ = {isa = PBXFileReference; includeInIndex = 1; lastKnownFileType = text.xcconfig; name = "Pods-Nest Thermostat Carbon Footprint Calculator (macOS).release.xcconfig"; path = "Target Support Files/Pods-Nest Thermostat Carbon Footprint Calculator (macOS)/Pods-Nest Thermostat Carbon Footprint Calculator (macOS).release.xcconfig"; sourceTree = "<group>"; };
		BE8C21D22ADBB17FE052B5D8 /* Pods-Nest Thermostat Carbon Footprint Calculator (iOS).release.xcconfig */ = {isa = PBXFileReference; includeInIndex = 1; lastKnownFileType = text.xcconfig; name = "Pods-Nest Thermostat Carbon Footprint Calculator (iOS).release.xcconfig"; path = "Target Support Files/Pods-Nest Thermostat Carbon Footprint Calculator (iOS)/Pods-Nest Thermostat Carbon Footprint Calculator (iOS).release.xcconfig"; sourceTree = "<group>"; };
		ECCDE990D4DEA6810D492EEB /* Pods-Nest Thermostat Carbon Footprint Calculator (macOS).debug.xcconfig */ = {isa = PBXFileReference; includeInIndex = 1; lastKnownFileType = text.xcconfig; name = "Pods-Nest Thermostat Carbon Footprint Calculator (macOS).debug.xcconfig"; path = "Target Support Files/Pods-Nest Thermostat Carbon Footprint Calculator (macOS)/Pods-Nest Thermostat Carbon Footprint Calculator (macOS).debug.xcconfig"; sourceTree = "<group>"; };
		ED161F24448C2EC5B8D250FF /* Pods_Nest_Thermostat_Carbon_Footprint_Calculator__iOS_.framework */ = {isa = PBXFileReference; explicitFileType = wrapper.framework; includeInIndex = 0; path = Pods_Nest_Thermostat_Carbon_Footprint_Calculator__iOS_.framework; sourceTree = BUILT_PRODUCTS_DIR; };
/* End PBXFileReference section */

/* Begin PBXFrameworksBuildPhase section */
		25BE9D3027EE68AC004F6453 /* Frameworks */ = {
			isa = PBXFrameworksBuildPhase;
			buildActionMask = 2147483647;
			files = (
				F19095A9923DF23CE383B59F /* Pods_Nest_Thermostat_Carbon_Footprint_Calculator__iOS_.framework in Frameworks */,
			);
			runOnlyForDeploymentPostprocessing = 0;
		};
		25BE9D3627EE68AC004F6453 /* Frameworks */ = {
			isa = PBXFrameworksBuildPhase;
			buildActionMask = 2147483647;
			files = (
				53045246357FAD425428F2D8 /* Pods_Nest_Thermostat_Carbon_Footprint_Calculator__macOS_.framework in Frameworks */,
			);
			runOnlyForDeploymentPostprocessing = 0;
		};
		25BE9D3D27EE68AC004F6453 /* Frameworks */ = {
			isa = PBXFrameworksBuildPhase;
			buildActionMask = 2147483647;
			files = (
			);
			runOnlyForDeploymentPostprocessing = 0;
		};
		25BE9D4927EE68AC004F6453 /* Frameworks */ = {
			isa = PBXFrameworksBuildPhase;
			buildActionMask = 2147483647;
			files = (
			);
			runOnlyForDeploymentPostprocessing = 0;
		};
/* End PBXFrameworksBuildPhase section */

/* Begin PBXGroup section */
		1D09789445203148CC1D1309 /* Frameworks */ = {
			isa = PBXGroup;
			children = (
				ED161F24448C2EC5B8D250FF /* Pods_Nest_Thermostat_Carbon_Footprint_Calculator__iOS_.framework */,
				37A2144DCC48ABC21EE1F953 /* Pods_Nest_Thermostat_Carbon_Footprint_Calculator__macOS_.framework */,
			);
			name = Frameworks;
			sourceTree = "<group>";
		};
		25515C3A281C80C900EAD0D1 /* Setup Views */ = {
			isa = PBXGroup;
			children = (
				25CB6C0B281B274F00E5902D /* LogInView.swift */,
				25BD0952281B410400F4ABF6 /* Setup.swift */,
				257F93EC281B7D2100EA90DF /* CoolingSetup.swift */,
				2532C6B1281E2D3B00838698 /* HeatingSetup.swift */,
			);
			path = "Setup Views";
			sourceTree = "<group>";
		};
		25515C3B281C80EB00EAD0D1 /* Data and Controllers */ = {
			isa = PBXGroup;
			children = (
				25CB6C0C281B274F00E5902D /* NetworkController.swift */,
				25BD094C281B2B6E00F4ABF6 /* UserData.swift */,
			);
			path = "Data and Controllers";
			sourceTree = "<group>";
		};
		25515C3C281C80F800EAD0D1 /* Initial Views */ = {
			isa = PBXGroup;
			children = (
				25BE9D2C27EE68A9004F6453 /* Nest_Thermostat_Carbon_Footprint_CalculatorApp.swift */,
				25BE9D2D27EE68A9004F6453 /* ContentView.swift */,
			);
			path = "Initial Views";
			sourceTree = "<group>";
		};
		25515C3D281C810600EAD0D1 /* Home Views */ = {
			isa = PBXGroup;
			children = (
				25BD094F281B3BB800F4ABF6 /* Home.swift */,
				25515C41281C816D00EAD0D1 /* Bar Chart Views */,
			);
			path = "Home Views";
			sourceTree = "<group>";
		};
		25515C41281C816D00EAD0D1 /* Bar Chart Views */ = {
			isa = PBXGroup;
			children = (
				25515C3E281C813200EAD0D1 /* BarView.swift */,
				25515C42281C817E00EAD0D1 /* BarChartView.swift */,
			);
			path = "Bar Chart Views";
			sourceTree = "<group>";
		};
		25BE9D2627EE68A9004F6453 = {
			isa = PBXGroup;
			children = (
				25BD094E281B2D3100F4ABF6 /* Nest-Thermostat-Carbon-Footprint-Calculator--iOS--Info.plist */,
				25BD094A281B29F600F4ABF6 /* credentials.plist */,
				25BE9D2B27EE68A9004F6453 /* Shared */,
				25BE9D3A27EE68AC004F6453 /* macOS */,
				25BE9D4327EE68AC004F6453 /* Tests iOS */,
				25BE9D4F27EE68AC004F6453 /* Tests macOS */,
				25BE9D3427EE68AC004F6453 /* Products */,
				78A6CEDF2738A81CDE46380B /* Pods */,
				1D09789445203148CC1D1309 /* Frameworks */,
			);
			sourceTree = "<group>";
		};
		25BE9D2B27EE68A9004F6453 /* Shared */ = {
			isa = PBXGroup;
			children = (
				25515C3C281C80F800EAD0D1 /* Initial Views */,
				25515C3A281C80C900EAD0D1 /* Setup Views */,
				25515C3D281C810600EAD0D1 /* Home Views */,
				25515C3B281C80EB00EAD0D1 /* Data and Controllers */,
				25BD0955281B44EB00F4ABF6 /* Styles.swift */,
				25BE9D2E27EE68AC004F6453 /* Assets.xcassets */,
			);
			path = Shared;
			sourceTree = "<group>";
		};
		25BE9D3427EE68AC004F6453 /* Products */ = {
			isa = PBXGroup;
			children = (
				25BE9D3327EE68AC004F6453 /* Nest Thermostat Carbon Footprint Calculator.app */,
				25BE9D3927EE68AC004F6453 /* Nest Thermostat Carbon Footprint Calculator.app */,
				25BE9D4027EE68AC004F6453 /* Tests iOS.xctest */,
				25BE9D4C27EE68AC004F6453 /* Tests macOS.xctest */,
			);
			name = Products;
			sourceTree = "<group>";
		};
		25BE9D3A27EE68AC004F6453 /* macOS */ = {
			isa = PBXGroup;
			children = (
				25BE9D3B27EE68AC004F6453 /* macOS.entitlements */,
			);
			path = macOS;
			sourceTree = "<group>";
		};
		25BE9D4327EE68AC004F6453 /* Tests iOS */ = {
			isa = PBXGroup;
			children = (
				25BE9D4427EE68AC004F6453 /* Tests_iOS.swift */,
				25BE9D4627EE68AC004F6453 /* Tests_iOSLaunchTests.swift */,
			);
			path = "Tests iOS";
			sourceTree = "<group>";
		};
		25BE9D4F27EE68AC004F6453 /* Tests macOS */ = {
			isa = PBXGroup;
			children = (
				25BE9D5027EE68AC004F6453 /* Tests_macOS.swift */,
				25BE9D5227EE68AC004F6453 /* Tests_macOSLaunchTests.swift */,
			);
			path = "Tests macOS";
			sourceTree = "<group>";
		};
		78A6CEDF2738A81CDE46380B /* Pods */ = {
			isa = PBXGroup;
			children = (
				854B5FDDCFF11252258F780A /* Pods-Nest Thermostat Carbon Footprint Calculator (iOS).debug.xcconfig */,
				BE8C21D22ADBB17FE052B5D8 /* Pods-Nest Thermostat Carbon Footprint Calculator (iOS).release.xcconfig */,
				ECCDE990D4DEA6810D492EEB /* Pods-Nest Thermostat Carbon Footprint Calculator (macOS).debug.xcconfig */,
				9D076594FD4030CD48730354 /* Pods-Nest Thermostat Carbon Footprint Calculator (macOS).release.xcconfig */,
			);
			path = Pods;
			sourceTree = "<group>";
		};
/* End PBXGroup section */

/* Begin PBXNativeTarget section */
		25BE9D3227EE68AC004F6453 /* Nest Thermostat Carbon Footprint Calculator (iOS) */ = {
			isa = PBXNativeTarget;
			buildConfigurationList = 25BE9D5C27EE68AC004F6453 /* Build configuration list for PBXNativeTarget "Nest Thermostat Carbon Footprint Calculator (iOS)" */;
			buildPhases = (
				E6DB8613412565FC203750A5 /* [CP] Check Pods Manifest.lock */,
				25BE9D2F27EE68AC004F6453 /* Sources */,
				25BE9D3027EE68AC004F6453 /* Frameworks */,
				25BE9D3127EE68AC004F6453 /* Resources */,
				DDD35A33720790D0D9108B0F /* [CP] Embed Pods Frameworks */,
			);
			buildRules = (
			);
			dependencies = (
			);
			name = "Nest Thermostat Carbon Footprint Calculator (iOS)";
			productName = "Nest Thermostat Carbon Footprint Calculator (iOS)";
			productReference = 25BE9D3327EE68AC004F6453 /* Nest Thermostat Carbon Footprint Calculator.app */;
			productType = "com.apple.product-type.application";
		};
		25BE9D3827EE68AC004F6453 /* Nest Thermostat Carbon Footprint Calculator (macOS) */ = {
			isa = PBXNativeTarget;
			buildConfigurationList = 25BE9D5F27EE68AC004F6453 /* Build configuration list for PBXNativeTarget "Nest Thermostat Carbon Footprint Calculator (macOS)" */;
			buildPhases = (
				FC41507FAF5C1F855478C0B9 /* [CP] Check Pods Manifest.lock */,
				25BE9D3527EE68AC004F6453 /* Sources */,
				25BE9D3627EE68AC004F6453 /* Frameworks */,
				25BE9D3727EE68AC004F6453 /* Resources */,
			);
			buildRules = (
			);
			dependencies = (
			);
			name = "Nest Thermostat Carbon Footprint Calculator (macOS)";
			productName = "Nest Thermostat Carbon Footprint Calculator (macOS)";
			productReference = 25BE9D3927EE68AC004F6453 /* Nest Thermostat Carbon Footprint Calculator.app */;
			productType = "com.apple.product-type.application";
		};
		25BE9D3F27EE68AC004F6453 /* Tests iOS */ = {
			isa = PBXNativeTarget;
			buildConfigurationList = 25BE9D6227EE68AC004F6453 /* Build configuration list for PBXNativeTarget "Tests iOS" */;
			buildPhases = (
				25BE9D3C27EE68AC004F6453 /* Sources */,
				25BE9D3D27EE68AC004F6453 /* Frameworks */,
				25BE9D3E27EE68AC004F6453 /* Resources */,
			);
			buildRules = (
			);
			dependencies = (
				25BE9D4227EE68AC004F6453 /* PBXTargetDependency */,
			);
			name = "Tests iOS";
			productName = "Tests iOS";
			productReference = 25BE9D4027EE68AC004F6453 /* Tests iOS.xctest */;
			productType = "com.apple.product-type.bundle.ui-testing";
		};
		25BE9D4B27EE68AC004F6453 /* Tests macOS */ = {
			isa = PBXNativeTarget;
			buildConfigurationList = 25BE9D6527EE68AC004F6453 /* Build configuration list for PBXNativeTarget "Tests macOS" */;
			buildPhases = (
				25BE9D4827EE68AC004F6453 /* Sources */,
				25BE9D4927EE68AC004F6453 /* Frameworks */,
				25BE9D4A27EE68AC004F6453 /* Resources */,
			);
			buildRules = (
			);
			dependencies = (
				25BE9D4E27EE68AC004F6453 /* PBXTargetDependency */,
			);
			name = "Tests macOS";
			productName = "Tests macOS";
			productReference = 25BE9D4C27EE68AC004F6453 /* Tests macOS.xctest */;
			productType = "com.apple.product-type.bundle.ui-testing";
		};
/* End PBXNativeTarget section */

/* Begin PBXProject section */
		25BE9D2727EE68A9004F6453 /* Project object */ = {
			isa = PBXProject;
			attributes = {
				BuildIndependentTargetsInParallel = 1;
				LastSwiftUpdateCheck = 1330;
				LastUpgradeCheck = 1330;
				TargetAttributes = {
					25BE9D3227EE68AC004F6453 = {
						CreatedOnToolsVersion = 13.3;
					};
					25BE9D3827EE68AC004F6453 = {
						CreatedOnToolsVersion = 13.3;
					};
					25BE9D3F27EE68AC004F6453 = {
						CreatedOnToolsVersion = 13.3;
						TestTargetID = 25BE9D3227EE68AC004F6453;
					};
					25BE9D4B27EE68AC004F6453 = {
						CreatedOnToolsVersion = 13.3;
						TestTargetID = 25BE9D3827EE68AC004F6453;
					};
				};
			};
			buildConfigurationList = 25BE9D2A27EE68A9004F6453 /* Build configuration list for PBXProject "Nest Thermostat Carbon Footprint Calculator" */;
			compatibilityVersion = "Xcode 13.0";
			developmentRegion = en;
			hasScannedForEncodings = 0;
			knownRegions = (
				en,
				Base,
			);
			mainGroup = 25BE9D2627EE68A9004F6453;
			productRefGroup = 25BE9D3427EE68AC004F6453 /* Products */;
			projectDirPath = "";
			projectRoot = "";
			targets = (
				25BE9D3227EE68AC004F6453 /* Nest Thermostat Carbon Footprint Calculator (iOS) */,
				25BE9D3827EE68AC004F6453 /* Nest Thermostat Carbon Footprint Calculator (macOS) */,
				25BE9D3F27EE68AC004F6453 /* Tests iOS */,
				25BE9D4B27EE68AC004F6453 /* Tests macOS */,
			);
		};
/* End PBXProject section */

/* Begin PBXResourcesBuildPhase section */
		25BE9D3127EE68AC004F6453 /* Resources */ = {
			isa = PBXResourcesBuildPhase;
			buildActionMask = 2147483647;
			files = (
				25BE9D5827EE68AC004F6453 /* Assets.xcassets in Resources */,
				25BD094B281B29F600F4ABF6 /* credentials.plist in Resources */,
			);
			runOnlyForDeploymentPostprocessing = 0;
		};
		25BE9D3727EE68AC004F6453 /* Resources */ = {
			isa = PBXResourcesBuildPhase;
			buildActionMask = 2147483647;
			files = (
				25BE9D5927EE68AC004F6453 /* Assets.xcassets in Resources */,
			);
			runOnlyForDeploymentPostprocessing = 0;
		};
		25BE9D3E27EE68AC004F6453 /* Resources */ = {
			isa = PBXResourcesBuildPhase;
			buildActionMask = 2147483647;
			files = (
			);
			runOnlyForDeploymentPostprocessing = 0;
		};
		25BE9D4A27EE68AC004F6453 /* Resources */ = {
			isa = PBXResourcesBuildPhase;
			buildActionMask = 2147483647;
			files = (
			);
			runOnlyForDeploymentPostprocessing = 0;
		};
/* End PBXResourcesBuildPhase section */

/* Begin PBXShellScriptBuildPhase section */
		DDD35A33720790D0D9108B0F /* [CP] Embed Pods Frameworks */ = {
			isa = PBXShellScriptBuildPhase;
			buildActionMask = 2147483647;
			files = (
			);
			inputFileListPaths = (
				"${PODS_ROOT}/Target Support Files/Pods-Nest Thermostat Carbon Footprint Calculator (iOS)/Pods-Nest Thermostat Carbon Footprint Calculator (iOS)-frameworks-${CONFIGURATION}-input-files.xcfilelist",
			);
			name = "[CP] Embed Pods Frameworks";
			outputFileListPaths = (
				"${PODS_ROOT}/Target Support Files/Pods-Nest Thermostat Carbon Footprint Calculator (iOS)/Pods-Nest Thermostat Carbon Footprint Calculator (iOS)-frameworks-${CONFIGURATION}-output-files.xcfilelist",
			);
			runOnlyForDeploymentPostprocessing = 0;
			shellPath = /bin/sh;
			shellScript = "\"${PODS_ROOT}/Target Support Files/Pods-Nest Thermostat Carbon Footprint Calculator (iOS)/Pods-Nest Thermostat Carbon Footprint Calculator (iOS)-frameworks.sh\"\n";
			showEnvVarsInLog = 0;
		};
		E6DB8613412565FC203750A5 /* [CP] Check Pods Manifest.lock */ = {
			isa = PBXShellScriptBuildPhase;
			buildActionMask = 2147483647;
			files = (
			);
			inputFileListPaths = (
			);
			inputPaths = (
				"${PODS_PODFILE_DIR_PATH}/Podfile.lock",
				"${PODS_ROOT}/Manifest.lock",
			);
			name = "[CP] Check Pods Manifest.lock";
			outputFileListPaths = (
			);
			outputPaths = (
				"$(DERIVED_FILE_DIR)/Pods-Nest Thermostat Carbon Footprint Calculator (iOS)-checkManifestLockResult.txt",
			);
			runOnlyForDeploymentPostprocessing = 0;
			shellPath = /bin/sh;
			shellScript = "diff \"${PODS_PODFILE_DIR_PATH}/Podfile.lock\" \"${PODS_ROOT}/Manifest.lock\" > /dev/null\nif [ $? != 0 ] ; then\n    # print error to STDERR\n    echo \"error: The sandbox is not in sync with the Podfile.lock. Run 'pod install' or update your CocoaPods installation.\" >&2\n    exit 1\nfi\n# This output is used by Xcode 'outputs' to avoid re-running this script phase.\necho \"SUCCESS\" > \"${SCRIPT_OUTPUT_FILE_0}\"\n";
			showEnvVarsInLog = 0;
		};
		FC41507FAF5C1F855478C0B9 /* [CP] Check Pods Manifest.lock */ = {
			isa = PBXShellScriptBuildPhase;
			buildActionMask = 2147483647;
			files = (
			);
			inputFileListPaths = (
			);
			inputPaths = (
				"${PODS_PODFILE_DIR_PATH}/Podfile.lock",
				"${PODS_ROOT}/Manifest.lock",
			);
			name = "[CP] Check Pods Manifest.lock";
			outputFileListPaths = (
			);
			outputPaths = (
				"$(DERIVED_FILE_DIR)/Pods-Nest Thermostat Carbon Footprint Calculator (macOS)-checkManifestLockResult.txt",
			);
			runOnlyForDeploymentPostprocessing = 0;
			shellPath = /bin/sh;
			shellScript = "diff \"${PODS_PODFILE_DIR_PATH}/Podfile.lock\" \"${PODS_ROOT}/Manifest.lock\" > /dev/null\nif [ $? != 0 ] ; then\n    # print error to STDERR\n    echo \"error: The sandbox is not in sync with the Podfile.lock. Run 'pod install' or update your CocoaPods installation.\" >&2\n    exit 1\nfi\n# This output is used by Xcode 'outputs' to avoid re-running this script phase.\necho \"SUCCESS\" > \"${SCRIPT_OUTPUT_FILE_0}\"\n";
			showEnvVarsInLog = 0;
		};
/* End PBXShellScriptBuildPhase section */

/* Begin PBXSourcesBuildPhase section */
		25BE9D2F27EE68AC004F6453 /* Sources */ = {
			isa = PBXSourcesBuildPhase;
			buildActionMask = 2147483647;
			files = (
				25CB6C0F281B274F00E5902D /* NetworkController.swift in Sources */,
				25CB6C0D281B274F00E5902D /* LogInView.swift in Sources */,
				25BE9D5627EE68AC004F6453 /* ContentView.swift in Sources */,
				25BD0956281B44EB00F4ABF6 /* Styles.swift in Sources */,
				25515C3F281C813200EAD0D1 /* BarView.swift in Sources */,
				25BD094D281B2B6F00F4ABF6 /* UserData.swift in Sources */,
				25BD0950281B3BB800F4ABF6 /* Home.swift in Sources */,
				257F93ED281B7D2100EA90DF /* CoolingSetup.swift in Sources */,
				25BD0953281B410500F4ABF6 /* Setup.swift in Sources */,
				25BE9D5427EE68AC004F6453 /* Nest_Thermostat_Carbon_Footprint_CalculatorApp.swift in Sources */,
				2532C6B2281E2D3B00838698 /* HeatingSetup.swift in Sources */,
				25515C43281C817E00EAD0D1 /* BarChartView.swift in Sources */,
			);
			runOnlyForDeploymentPostprocessing = 0;
		};
		25BE9D3527EE68AC004F6453 /* Sources */ = {
			isa = PBXSourcesBuildPhase;
			buildActionMask = 2147483647;
			files = (
				25515C40281C813200EAD0D1 /* BarView.swift in Sources */,
				25CB6C10281B274F00E5902D /* NetworkController.swift in Sources */,
				257F93EE281B7D2100EA90DF /* CoolingSetup.swift in Sources */,
				25BD0957281B44EB00F4ABF6 /* Styles.swift in Sources */,
				25BD0954281B410500F4ABF6 /* Setup.swift in Sources */,
				2532C6B3281E2D3B00838698 /* HeatingSetup.swift in Sources */,
				25CB6C0E281B274F00E5902D /* LogInView.swift in Sources */,
				25BD0951281B3BB800F4ABF6 /* Home.swift in Sources */,
				25515C44281C817E00EAD0D1 /* BarChartView.swift in Sources */,
				25BE9D5727EE68AC004F6453 /* ContentView.swift in Sources */,
				25BE9D5527EE68AC004F6453 /* Nest_Thermostat_Carbon_Footprint_CalculatorApp.swift in Sources */,
			);
			runOnlyForDeploymentPostprocessing = 0;
		};
		25BE9D3C27EE68AC004F6453 /* Sources */ = {
			isa = PBXSourcesBuildPhase;
			buildActionMask = 2147483647;
			files = (
				25BE9D4727EE68AC004F6453 /* Tests_iOSLaunchTests.swift in Sources */,
				25BE9D4527EE68AC004F6453 /* Tests_iOS.swift in Sources */,
			);
			runOnlyForDeploymentPostprocessing = 0;
		};
		25BE9D4827EE68AC004F6453 /* Sources */ = {
			isa = PBXSourcesBuildPhase;
			buildActionMask = 2147483647;
			files = (
				25BE9D5327EE68AC004F6453 /* Tests_macOSLaunchTests.swift in Sources */,
				25BE9D5127EE68AC004F6453 /* Tests_macOS.swift in Sources */,
			);
			runOnlyForDeploymentPostprocessing = 0;
		};
/* End PBXSourcesBuildPhase section */

/* Begin PBXTargetDependency section */
		25BE9D4227EE68AC004F6453 /* PBXTargetDependency */ = {
			isa = PBXTargetDependency;
			target = 25BE9D3227EE68AC004F6453 /* Nest Thermostat Carbon Footprint Calculator (iOS) */;
			targetProxy = 25BE9D4127EE68AC004F6453 /* PBXContainerItemProxy */;
		};
		25BE9D4E27EE68AC004F6453 /* PBXTargetDependency */ = {
			isa = PBXTargetDependency;
			target = 25BE9D3827EE68AC004F6453 /* Nest Thermostat Carbon Footprint Calculator (macOS) */;
			targetProxy = 25BE9D4D27EE68AC004F6453 /* PBXContainerItemProxy */;
		};
/* End PBXTargetDependency section */

/* Begin XCBuildConfiguration section */
		25BE9D5A27EE68AC004F6453 /* Debug */ = {
			isa = XCBuildConfiguration;
			buildSettings = {
				ALWAYS_SEARCH_USER_PATHS = NO;
				CLANG_ANALYZER_NONNULL = YES;
				CLANG_ANALYZER_NUMBER_OBJECT_CONVERSION = YES_AGGRESSIVE;
				CLANG_CXX_LANGUAGE_STANDARD = "gnu++17";
				CLANG_ENABLE_MODULES = YES;
				CLANG_ENABLE_OBJC_ARC = YES;
				CLANG_ENABLE_OBJC_WEAK = YES;
				CLANG_WARN_BLOCK_CAPTURE_AUTORELEASING = YES;
				CLANG_WARN_BOOL_CONVERSION = YES;
				CLANG_WARN_COMMA = YES;
				CLANG_WARN_CONSTANT_CONVERSION = YES;
				CLANG_WARN_DEPRECATED_OBJC_IMPLEMENTATIONS = YES;
				CLANG_WARN_DIRECT_OBJC_ISA_USAGE = YES_ERROR;
				CLANG_WARN_DOCUMENTATION_COMMENTS = YES;
				CLANG_WARN_EMPTY_BODY = YES;
				CLANG_WARN_ENUM_CONVERSION = YES;
				CLANG_WARN_INFINITE_RECURSION = YES;
				CLANG_WARN_INT_CONVERSION = YES;
				CLANG_WARN_NON_LITERAL_NULL_CONVERSION = YES;
				CLANG_WARN_OBJC_IMPLICIT_RETAIN_SELF = YES;
				CLANG_WARN_OBJC_LITERAL_CONVERSION = YES;
				CLANG_WARN_OBJC_ROOT_CLASS = YES_ERROR;
				CLANG_WARN_QUOTED_INCLUDE_IN_FRAMEWORK_HEADER = YES;
				CLANG_WARN_RANGE_LOOP_ANALYSIS = YES;
				CLANG_WARN_STRICT_PROTOTYPES = YES;
				CLANG_WARN_SUSPICIOUS_MOVE = YES;
				CLANG_WARN_UNGUARDED_AVAILABILITY = YES_AGGRESSIVE;
				CLANG_WARN_UNREACHABLE_CODE = YES;
				CLANG_WARN__DUPLICATE_METHOD_MATCH = YES;
				COPY_PHASE_STRIP = NO;
				DEBUG_INFORMATION_FORMAT = dwarf;
				ENABLE_STRICT_OBJC_MSGSEND = YES;
				ENABLE_TESTABILITY = YES;
				GCC_C_LANGUAGE_STANDARD = gnu11;
				GCC_DYNAMIC_NO_PIC = NO;
				GCC_NO_COMMON_BLOCKS = YES;
				GCC_OPTIMIZATION_LEVEL = 0;
				GCC_PREPROCESSOR_DEFINITIONS = (
					"DEBUG=1",
					"$(inherited)",
				);
				GCC_WARN_64_TO_32_BIT_CONVERSION = YES;
				GCC_WARN_ABOUT_RETURN_TYPE = YES_ERROR;
				GCC_WARN_UNDECLARED_SELECTOR = YES;
				GCC_WARN_UNINITIALIZED_AUTOS = YES_AGGRESSIVE;
				GCC_WARN_UNUSED_FUNCTION = YES;
				GCC_WARN_UNUSED_VARIABLE = YES;
				MTL_ENABLE_DEBUG_INFO = INCLUDE_SOURCE;
				MTL_FAST_MATH = YES;
				ONLY_ACTIVE_ARCH = YES;
				SWIFT_ACTIVE_COMPILATION_CONDITIONS = DEBUG;
				SWIFT_OPTIMIZATION_LEVEL = "-Onone";
			};
			name = Debug;
		};
		25BE9D5B27EE68AC004F6453 /* Release */ = {
			isa = XCBuildConfiguration;
			buildSettings = {
				ALWAYS_SEARCH_USER_PATHS = NO;
				CLANG_ANALYZER_NONNULL = YES;
				CLANG_ANALYZER_NUMBER_OBJECT_CONVERSION = YES_AGGRESSIVE;
				CLANG_CXX_LANGUAGE_STANDARD = "gnu++17";
				CLANG_ENABLE_MODULES = YES;
				CLANG_ENABLE_OBJC_ARC = YES;
				CLANG_ENABLE_OBJC_WEAK = YES;
				CLANG_WARN_BLOCK_CAPTURE_AUTORELEASING = YES;
				CLANG_WARN_BOOL_CONVERSION = YES;
				CLANG_WARN_COMMA = YES;
				CLANG_WARN_CONSTANT_CONVERSION = YES;
				CLANG_WARN_DEPRECATED_OBJC_IMPLEMENTATIONS = YES;
				CLANG_WARN_DIRECT_OBJC_ISA_USAGE = YES_ERROR;
				CLANG_WARN_DOCUMENTATION_COMMENTS = YES;
				CLANG_WARN_EMPTY_BODY = YES;
				CLANG_WARN_ENUM_CONVERSION = YES;
				CLANG_WARN_INFINITE_RECURSION = YES;
				CLANG_WARN_INT_CONVERSION = YES;
				CLANG_WARN_NON_LITERAL_NULL_CONVERSION = YES;
				CLANG_WARN_OBJC_IMPLICIT_RETAIN_SELF = YES;
				CLANG_WARN_OBJC_LITERAL_CONVERSION = YES;
				CLANG_WARN_OBJC_ROOT_CLASS = YES_ERROR;
				CLANG_WARN_QUOTED_INCLUDE_IN_FRAMEWORK_HEADER = YES;
				CLANG_WARN_RANGE_LOOP_ANALYSIS = YES;
				CLANG_WARN_STRICT_PROTOTYPES = YES;
				CLANG_WARN_SUSPICIOUS_MOVE = YES;
				CLANG_WARN_UNGUARDED_AVAILABILITY = YES_AGGRESSIVE;
				CLANG_WARN_UNREACHABLE_CODE = YES;
				CLANG_WARN__DUPLICATE_METHOD_MATCH = YES;
				COPY_PHASE_STRIP = NO;
				DEBUG_INFORMATION_FORMAT = "dwarf-with-dsym";
				ENABLE_NS_ASSERTIONS = NO;
				ENABLE_STRICT_OBJC_MSGSEND = YES;
				GCC_C_LANGUAGE_STANDARD = gnu11;
				GCC_NO_COMMON_BLOCKS = YES;
				GCC_WARN_64_TO_32_BIT_CONVERSION = YES;
				GCC_WARN_ABOUT_RETURN_TYPE = YES_ERROR;
				GCC_WARN_UNDECLARED_SELECTOR = YES;
				GCC_WARN_UNINITIALIZED_AUTOS = YES_AGGRESSIVE;
				GCC_WARN_UNUSED_FUNCTION = YES;
				GCC_WARN_UNUSED_VARIABLE = YES;
				MTL_ENABLE_DEBUG_INFO = NO;
				MTL_FAST_MATH = YES;
				SWIFT_COMPILATION_MODE = wholemodule;
				SWIFT_OPTIMIZATION_LEVEL = "-O";
			};
			name = Release;
		};
		25BE9D5D27EE68AC004F6453 /* Debug */ = {
			isa = XCBuildConfiguration;
			baseConfigurationReference = 854B5FDDCFF11252258F780A /* Pods-Nest Thermostat Carbon Footprint Calculator (iOS).debug.xcconfig */;
			buildSettings = {
				ASSETCATALOG_COMPILER_APPICON_NAME = AppIcon;
				ASSETCATALOG_COMPILER_GLOBAL_ACCENT_COLOR_NAME = AccentColor;
				CODE_SIGN_STYLE = Automatic;
				CURRENT_PROJECT_VERSION = 1;
				DEVELOPMENT_TEAM = FF95FHPLK4;
				ENABLE_PREVIEWS = YES;
				GENERATE_INFOPLIST_FILE = YES;
				INFOPLIST_FILE = "Nest-Thermostat-Carbon-Footprint-Calculator--iOS--Info.plist";
				INFOPLIST_KEY_UIApplicationSceneManifest_Generation = YES;
				INFOPLIST_KEY_UIApplicationSupportsIndirectInputEvents = YES;
				INFOPLIST_KEY_UILaunchScreen_Generation = YES;
				INFOPLIST_KEY_UISupportedInterfaceOrientations_iPad = "UIInterfaceOrientationPortrait UIInterfaceOrientationPortraitUpsideDown UIInterfaceOrientationLandscapeLeft UIInterfaceOrientationLandscapeRight";
				INFOPLIST_KEY_UISupportedInterfaceOrientations_iPhone = "UIInterfaceOrientationPortrait UIInterfaceOrientationLandscapeLeft UIInterfaceOrientationLandscapeRight";
				IPHONEOS_DEPLOYMENT_TARGET = 15.4;
				LD_RUNPATH_SEARCH_PATHS = (
					"$(inherited)",
					"@executable_path/Frameworks",
				);
				MARKETING_VERSION = 1.0;
				PRODUCT_BUNDLE_IDENTIFIER = "com.reidf.Nest-Thermostat-Carbon-Footprint-Calculator";
				PRODUCT_NAME = "Nest Thermostat Carbon Footprint Calculator";
				SDKROOT = iphoneos;
				SWIFT_EMIT_LOC_STRINGS = YES;
				SWIFT_VERSION = 5.0;
				TARGETED_DEVICE_FAMILY = "1,2";
			};
			name = Debug;
		};
		25BE9D5E27EE68AC004F6453 /* Release */ = {
			isa = XCBuildConfiguration;
			baseConfigurationReference = BE8C21D22ADBB17FE052B5D8 /* Pods-Nest Thermostat Carbon Footprint Calculator (iOS).release.xcconfig */;
			buildSettings = {
				ASSETCATALOG_COMPILER_APPICON_NAME = AppIcon;
				ASSETCATALOG_COMPILER_GLOBAL_ACCENT_COLOR_NAME = AccentColor;
				CODE_SIGN_STYLE = Automatic;
				CURRENT_PROJECT_VERSION = 1;
				DEVELOPMENT_TEAM = FF95FHPLK4;
				ENABLE_PREVIEWS = YES;
				GENERATE_INFOPLIST_FILE = YES;
				INFOPLIST_FILE = "Nest-Thermostat-Carbon-Footprint-Calculator--iOS--Info.plist";
				INFOPLIST_KEY_UIApplicationSceneManifest_Generation = YES;
				INFOPLIST_KEY_UIApplicationSupportsIndirectInputEvents = YES;
				INFOPLIST_KEY_UILaunchScreen_Generation = YES;
				INFOPLIST_KEY_UISupportedInterfaceOrientations_iPad = "UIInterfaceOrientationPortrait UIInterfaceOrientationPortraitUpsideDown UIInterfaceOrientationLandscapeLeft UIInterfaceOrientationLandscapeRight";
				INFOPLIST_KEY_UISupportedInterfaceOrientations_iPhone = "UIInterfaceOrientationPortrait UIInterfaceOrientationLandscapeLeft UIInterfaceOrientationLandscapeRight";
				IPHONEOS_DEPLOYMENT_TARGET = 15.4;
				LD_RUNPATH_SEARCH_PATHS = (
					"$(inherited)",
					"@executable_path/Frameworks",
				);
				MARKETING_VERSION = 1.0;
				PRODUCT_BUNDLE_IDENTIFIER = "com.reidf.Nest-Thermostat-Carbon-Footprint-Calculator";
				PRODUCT_NAME = "Nest Thermostat Carbon Footprint Calculator";
				SDKROOT = iphoneos;
				SWIFT_EMIT_LOC_STRINGS = YES;
				SWIFT_VERSION = 5.0;
				TARGETED_DEVICE_FAMILY = "1,2";
				VALIDATE_PRODUCT = YES;
			};
			name = Release;
		};
		25BE9D6027EE68AC004F6453 /* Debug */ = {
			isa = XCBuildConfiguration;
			baseConfigurationReference = ECCDE990D4DEA6810D492EEB /* Pods-Nest Thermostat Carbon Footprint Calculator (macOS).debug.xcconfig */;
			buildSettings = {
				ASSETCATALOG_COMPILER_APPICON_NAME = AppIcon;
				ASSETCATALOG_COMPILER_GLOBAL_ACCENT_COLOR_NAME = AccentColor;
				CODE_SIGN_ENTITLEMENTS = macOS/macOS.entitlements;
				CODE_SIGN_STYLE = Automatic;
				COMBINE_HIDPI_IMAGES = YES;
				CURRENT_PROJECT_VERSION = 1;
				DEVELOPMENT_TEAM = FF95FHPLK4;
				ENABLE_HARDENED_RUNTIME = YES;
				ENABLE_PREVIEWS = YES;
				GENERATE_INFOPLIST_FILE = YES;
				INFOPLIST_KEY_NSHumanReadableCopyright = "";
				LD_RUNPATH_SEARCH_PATHS = (
					"$(inherited)",
					"@executable_path/../Frameworks",
				);
				MACOSX_DEPLOYMENT_TARGET = 12.3;
				MARKETING_VERSION = 1.0;
				PRODUCT_BUNDLE_IDENTIFIER = "com.reidf.Nest-Thermostat-Carbon-Footprint-Calculator";
				PRODUCT_NAME = "Nest Thermostat Carbon Footprint Calculator";
				SDKROOT = macosx;
				SWIFT_EMIT_LOC_STRINGS = YES;
				SWIFT_VERSION = 5.0;
			};
			name = Debug;
		};
		25BE9D6127EE68AC004F6453 /* Release */ = {
			isa = XCBuildConfiguration;
			baseConfigurationReference = 9D076594FD4030CD48730354 /* Pods-Nest Thermostat Carbon Footprint Calculator (macOS).release.xcconfig */;
			buildSettings = {
				ASSETCATALOG_COMPILER_APPICON_NAME = AppIcon;
				ASSETCATALOG_COMPILER_GLOBAL_ACCENT_COLOR_NAME = AccentColor;
				CODE_SIGN_ENTITLEMENTS = macOS/macOS.entitlements;
				CODE_SIGN_STYLE = Automatic;
				COMBINE_HIDPI_IMAGES = YES;
				CURRENT_PROJECT_VERSION = 1;
				DEVELOPMENT_TEAM = FF95FHPLK4;
				ENABLE_HARDENED_RUNTIME = YES;
				ENABLE_PREVIEWS = YES;
				GENERATE_INFOPLIST_FILE = YES;
				INFOPLIST_KEY_NSHumanReadableCopyright = "";
				LD_RUNPATH_SEARCH_PATHS = (
					"$(inherited)",
					"@executable_path/../Frameworks",
				);
				MACOSX_DEPLOYMENT_TARGET = 12.3;
				MARKETING_VERSION = 1.0;
				PRODUCT_BUNDLE_IDENTIFIER = "com.reidf.Nest-Thermostat-Carbon-Footprint-Calculator";
				PRODUCT_NAME = "Nest Thermostat Carbon Footprint Calculator";
				SDKROOT = macosx;
				SWIFT_EMIT_LOC_STRINGS = YES;
				SWIFT_VERSION = 5.0;
			};
			name = Release;
		};
		25BE9D6327EE68AC004F6453 /* Debug */ = {
			isa = XCBuildConfiguration;
			buildSettings = {
				ALWAYS_EMBED_SWIFT_STANDARD_LIBRARIES = YES;
				CODE_SIGN_STYLE = Automatic;
				CURRENT_PROJECT_VERSION = 1;
				DEVELOPMENT_TEAM = FF95FHPLK4;
				GENERATE_INFOPLIST_FILE = YES;
				IPHONEOS_DEPLOYMENT_TARGET = 15.4;
				MARKETING_VERSION = 1.0;
				PRODUCT_BUNDLE_IDENTIFIER = "com.reidf.Tests-iOS";
				PRODUCT_NAME = "$(TARGET_NAME)";
				SDKROOT = iphoneos;
				SWIFT_EMIT_LOC_STRINGS = NO;
				SWIFT_VERSION = 5.0;
				TARGETED_DEVICE_FAMILY = "1,2";
				TEST_TARGET_NAME = "Nest Thermostat Carbon Footprint Calculator (iOS)";
			};
			name = Debug;
		};
		25BE9D6427EE68AC004F6453 /* Release */ = {
			isa = XCBuildConfiguration;
			buildSettings = {
				ALWAYS_EMBED_SWIFT_STANDARD_LIBRARIES = YES;
				CODE_SIGN_STYLE = Automatic;
				CURRENT_PROJECT_VERSION = 1;
				DEVELOPMENT_TEAM = FF95FHPLK4;
				GENERATE_INFOPLIST_FILE = YES;
				IPHONEOS_DEPLOYMENT_TARGET = 15.4;
				MARKETING_VERSION = 1.0;
				PRODUCT_BUNDLE_IDENTIFIER = "com.reidf.Tests-iOS";
				PRODUCT_NAME = "$(TARGET_NAME)";
				SDKROOT = iphoneos;
				SWIFT_EMIT_LOC_STRINGS = NO;
				SWIFT_VERSION = 5.0;
				TARGETED_DEVICE_FAMILY = "1,2";
				TEST_TARGET_NAME = "Nest Thermostat Carbon Footprint Calculator (iOS)";
				VALIDATE_PRODUCT = YES;
			};
			name = Release;
		};
		25BE9D6627EE68AC004F6453 /* Debug */ = {
			isa = XCBuildConfiguration;
			buildSettings = {
				ALWAYS_EMBED_SWIFT_STANDARD_LIBRARIES = YES;
				CODE_SIGN_STYLE = Automatic;
				CURRENT_PROJECT_VERSION = 1;
				DEVELOPMENT_TEAM = FF95FHPLK4;
				GENERATE_INFOPLIST_FILE = YES;
				MACOSX_DEPLOYMENT_TARGET = 12.3;
				MARKETING_VERSION = 1.0;
				PRODUCT_BUNDLE_IDENTIFIER = "com.reidf.Tests-macOS";
				PRODUCT_NAME = "$(TARGET_NAME)";
				SDKROOT = macosx;
				SWIFT_EMIT_LOC_STRINGS = NO;
				SWIFT_VERSION = 5.0;
				TEST_TARGET_NAME = "Nest Thermostat Carbon Footprint Calculator (macOS)";
			};
			name = Debug;
		};
		25BE9D6727EE68AC004F6453 /* Release */ = {
			isa = XCBuildConfiguration;
			buildSettings = {
				ALWAYS_EMBED_SWIFT_STANDARD_LIBRARIES = YES;
				CODE_SIGN_STYLE = Automatic;
				CURRENT_PROJECT_VERSION = 1;
				DEVELOPMENT_TEAM = FF95FHPLK4;
				GENERATE_INFOPLIST_FILE = YES;
				MACOSX_DEPLOYMENT_TARGET = 12.3;
				MARKETING_VERSION = 1.0;
				PRODUCT_BUNDLE_IDENTIFIER = "com.reidf.Tests-macOS";
				PRODUCT_NAME = "$(TARGET_NAME)";
				SDKROOT = macosx;
				SWIFT_EMIT_LOC_STRINGS = NO;
				SWIFT_VERSION = 5.0;
				TEST_TARGET_NAME = "Nest Thermostat Carbon Footprint Calculator (macOS)";
			};
			name = Release;
		};
/* End XCBuildConfiguration section */

/* Begin XCConfigurationList section */
		25BE9D2A27EE68A9004F6453 /* Build configuration list for PBXProject "Nest Thermostat Carbon Footprint Calculator" */ = {
			isa = XCConfigurationList;
			buildConfigurations = (
				25BE9D5A27EE68AC004F6453 /* Debug */,
				25BE9D5B27EE68AC004F6453 /* Release */,
			);
			defaultConfigurationIsVisible = 0;
			defaultConfigurationName = Release;
		};
		25BE9D5C27EE68AC004F6453 /* Build configuration list for PBXNativeTarget "Nest Thermostat Carbon Footprint Calculator (iOS)" */ = {
			isa = XCConfigurationList;
			buildConfigurations = (
				25BE9D5D27EE68AC004F6453 /* Debug */,
				25BE9D5E27EE68AC004F6453 /* Release */,
			);
			defaultConfigurationIsVisible = 0;
			defaultConfigurationName = Release;
		};
		25BE9D5F27EE68AC004F6453 /* Build configuration list for PBXNativeTarget "Nest Thermostat Carbon Footprint Calculator (macOS)" */ = {
			isa = XCConfigurationList;
			buildConfigurations = (
				25BE9D6027EE68AC004F6453 /* Debug */,
				25BE9D6127EE68AC004F6453 /* Release */,
			);
			defaultConfigurationIsVisible = 0;
			defaultConfigurationName = Release;
		};
		25BE9D6227EE68AC004F6453 /* Build configuration list for PBXNativeTarget "Tests iOS" */ = {
			isa = XCConfigurationList;
			buildConfigurations = (
				25BE9D6327EE68AC004F6453 /* Debug */,
				25BE9D6427EE68AC004F6453 /* Release */,
			);
			defaultConfigurationIsVisible = 0;
			defaultConfigurationName = Release;
		};
		25BE9D6527EE68AC004F6453 /* Build configuration list for PBXNativeTarget "Tests macOS" */ = {
			isa = XCConfigurationList;
			buildConfigurations = (
				25BE9D6627EE68AC004F6453 /* Debug */,
				25BE9D6727EE68AC004F6453 /* Release */,
			);
			defaultConfigurationIsVisible = 0;
			defaultConfigurationName = Release;
		};
/* End XCConfigurationList section */
	};
	rootObject = 25BE9D2727EE68A9004F6453 /* Project object */;
}
